
Microsoft Visual Studio Solution File, Format Version 12.00
# Visual Studio 14
VisualStudioVersion = 14.0.25123.0
MinimumVisualStudioVersion = 10.0.40219.1
Project("{FAE04EC0-301F-11D3-BF4B-00C04F79EFBC}") = "CookApp.Droid", "CookApp\CookApp.Droid\CookApp.Droid.csproj", "{BC86C48E-45BD-47E5-80F7-B6195693A5D6}"
EndProject
Project("{FAE04EC0-301F-11D3-BF4B-00C04F79EFBC}") = "CookApp.iOS", "CookApp\CookApp.iOS\CookApp.iOS.csproj", "{66D0D964-6D1E-43AB-88DA-7331C8E9D560}"
EndProject
Project("{FAE04EC0-301F-11D3-BF4B-00C04F79EFBC}") = "CookApp.WinPhone", "CookApp\CookApp.WinPhone\CookApp.WinPhone.csproj", "{2D1A24A6-FD0F-4191-8786-C1C521E20955}"
EndProject
Project("{FAE04EC0-301F-11D3-BF4B-00C04F79EFBC}") = "CookApp.UWP", "CookApp\CookApp.UWP\CookApp.UWP.csproj", "{C1B59D74-E4D6-4733-9951-00ABEAA6D3EB}"
EndProject
Project("{FAE04EC0-301F-11D3-BF4B-00C04F79EFBC}") = "CookApp.Windows", "CookApp\CookApp.Windows\CookApp.Windows.csproj", "{8ACCA826-0FA1-46B0-9B72-22E4A4B68798}"
EndProject
Project("{FAE04EC0-301F-11D3-BF4B-00C04F79EFBC}") = "CookApp", "CookApp\CookApp\CookApp.csproj", "{2FDB6527-A7E4-40A4-ABF8-93C5AB566804}"
EndProject
Global
	GlobalSection(SolutionConfigurationPlatforms) = preSolution
		Ad-Hoc|Any CPU = Ad-Hoc|Any CPU
		Ad-Hoc|ARM = Ad-Hoc|ARM
		Ad-Hoc|iPhone = Ad-Hoc|iPhone
		Ad-Hoc|iPhoneSimulator = Ad-Hoc|iPhoneSimulator
		Ad-Hoc|x64 = Ad-Hoc|x64
		Ad-Hoc|x86 = Ad-Hoc|x86
		AppStore|Any CPU = AppStore|Any CPU
		AppStore|ARM = AppStore|ARM
		AppStore|iPhone = AppStore|iPhone
		AppStore|iPhoneSimulator = AppStore|iPhoneSimulator
		AppStore|x64 = AppStore|x64
		AppStore|x86 = AppStore|x86
		Debug|Any CPU = Debug|Any CPU
		Debug|ARM = Debug|ARM
		Debug|iPhone = Debug|iPhone
		Debug|iPhoneSimulator = Debug|iPhoneSimulator
		Debug|x64 = Debug|x64
		Debug|x86 = Debug|x86
		Release|Any CPU = Release|Any CPU
		Release|ARM = Release|ARM
		Release|iPhone = Release|iPhone
		Release|iPhoneSimulator = Release|iPhoneSimulator
		Release|x64 = Release|x64
		Release|x86 = Release|x86
	EndGlobalSection
	GlobalSection(ProjectConfigurationPlatforms) = postSolution
		{BC86C48E-45BD-47E5-80F7-B6195693A5D6}.Ad-Hoc|Any CPU.ActiveCfg = Release|Any CPU
		{BC86C48E-45BD-47E5-80F7-B6195693A5D6}.Ad-Hoc|Any CPU.Build.0 = Release|Any CPU
		{BC86C48E-45BD-47E5-80F7-B6195693A5D6}.Ad-Hoc|Any CPU.Deploy.0 = Release|Any CPU
		{BC86C48E-45BD-47E5-80F7-B6195693A5D6}.Ad-Hoc|ARM.ActiveCfg = Release|Any CPU
		{BC86C48E-45BD-47E5-80F7-B6195693A5D6}.Ad-Hoc|ARM.Build.0 = Release|Any CPU
		{BC86C48E-45BD-47E5-80F7-B6195693A5D6}.Ad-Hoc|ARM.Deploy.0 = Release|Any CPU
		{BC86C48E-45BD-47E5-80F7-B6195693A5D6}.Ad-Hoc|iPhone.ActiveCfg = Release|Any CPU
		{BC86C48E-45BD-47E5-80F7-B6195693A5D6}.Ad-Hoc|iPhone.Build.0 = Release|Any CPU
		{BC86C48E-45BD-47E5-80F7-B6195693A5D6}.Ad-Hoc|iPhone.Deploy.0 = Release|Any CPU
		{BC86C48E-45BD-47E5-80F7-B6195693A5D6}.Ad-Hoc|iPhoneSimulator.ActiveCfg = Release|Any CPU
		{BC86C48E-45BD-47E5-80F7-B6195693A5D6}.Ad-Hoc|iPhoneSimulator.Build.0 = Release|Any CPU
		{BC86C48E-45BD-47E5-80F7-B6195693A5D6}.Ad-Hoc|iPhoneSimulator.Deploy.0 = Release|Any CPU
		{BC86C48E-45BD-47E5-80F7-B6195693A5D6}.Ad-Hoc|x64.ActiveCfg = Release|Any CPU
		{BC86C48E-45BD-47E5-80F7-B6195693A5D6}.Ad-Hoc|x64.Build.0 = Release|Any CPU
		{BC86C48E-45BD-47E5-80F7-B6195693A5D6}.Ad-Hoc|x64.Deploy.0 = Release|Any CPU
		{BC86C48E-45BD-47E5-80F7-B6195693A5D6}.Ad-Hoc|x86.ActiveCfg = Release|Any CPU
		{BC86C48E-45BD-47E5-80F7-B6195693A5D6}.Ad-Hoc|x86.Build.0 = Release|Any CPU
		{BC86C48E-45BD-47E5-80F7-B6195693A5D6}.Ad-Hoc|x86.Deploy.0 = Release|Any CPU
		{BC86C48E-45BD-47E5-80F7-B6195693A5D6}.AppStore|Any CPU.ActiveCfg = Release|Any CPU
		{BC86C48E-45BD-47E5-80F7-B6195693A5D6}.AppStore|Any CPU.Build.0 = Release|Any CPU
		{BC86C48E-45BD-47E5-80F7-B6195693A5D6}.AppStore|Any CPU.Deploy.0 = Release|Any CPU
		{BC86C48E-45BD-47E5-80F7-B6195693A5D6}.AppStore|ARM.ActiveCfg = Release|Any CPU
		{BC86C48E-45BD-47E5-80F7-B6195693A5D6}.AppStore|ARM.Build.0 = Release|Any CPU
		{BC86C48E-45BD-47E5-80F7-B6195693A5D6}.AppStore|ARM.Deploy.0 = Release|Any CPU
		{BC86C48E-45BD-47E5-80F7-B6195693A5D6}.AppStore|iPhone.ActiveCfg = Release|Any CPU
		{BC86C48E-45BD-47E5-80F7-B6195693A5D6}.AppStore|iPhone.Build.0 = Release|Any CPU
		{BC86C48E-45BD-47E5-80F7-B6195693A5D6}.AppStore|iPhone.Deploy.0 = Release|Any CPU
		{BC86C48E-45BD-47E5-80F7-B6195693A5D6}.AppStore|iPhoneSimulator.ActiveCfg = Release|Any CPU
		{BC86C48E-45BD-47E5-80F7-B6195693A5D6}.AppStore|iPhoneSimulator.Build.0 = Release|Any CPU
		{BC86C48E-45BD-47E5-80F7-B6195693A5D6}.AppStore|iPhoneSimulator.Deploy.0 = Release|Any CPU
		{BC86C48E-45BD-47E5-80F7-B6195693A5D6}.AppStore|x64.ActiveCfg = Release|Any CPU
		{BC86C48E-45BD-47E5-80F7-B6195693A5D6}.AppStore|x64.Build.0 = Release|Any CPU
		{BC86C48E-45BD-47E5-80F7-B6195693A5D6}.AppStore|x64.Deploy.0 = Release|Any CPU
		{BC86C48E-45BD-47E5-80F7-B6195693A5D6}.AppStore|x86.ActiveCfg = Release|Any CPU
		{BC86C48E-45BD-47E5-80F7-B6195693A5D6}.AppStore|x86.Build.0 = Release|Any CPU
		{BC86C48E-45BD-47E5-80F7-B6195693A5D6}.AppStore|x86.Deploy.0 = Release|Any CPU
		{BC86C48E-45BD-47E5-80F7-B6195693A5D6}.Debug|Any CPU.ActiveCfg = Debug|Any CPU
		{BC86C48E-45BD-47E5-80F7-B6195693A5D6}.Debug|Any CPU.Build.0 = Debug|Any CPU
		{BC86C48E-45BD-47E5-80F7-B6195693A5D6}.Debug|Any CPU.Deploy.0 = Debug|Any CPU
		{BC86C48E-45BD-47E5-80F7-B6195693A5D6}.Debug|ARM.ActiveCfg = Debug|Any CPU
		{BC86C48E-45BD-47E5-80F7-B6195693A5D6}.Debug|ARM.Build.0 = Debug|Any CPU
		{BC86C48E-45BD-47E5-80F7-B6195693A5D6}.Debug|ARM.Deploy.0 = Debug|Any CPU
		{BC86C48E-45BD-47E5-80F7-B6195693A5D6}.Debug|iPhone.ActiveCfg = Debug|Any CPU
		{BC86C48E-45BD-47E5-80F7-B6195693A5D6}.Debug|iPhone.Build.0 = Debug|Any CPU
		{BC86C48E-45BD-47E5-80F7-B6195693A5D6}.Debug|iPhone.Deploy.0 = Debug|Any CPU
		{BC86C48E-45BD-47E5-80F7-B6195693A5D6}.Debug|iPhoneSimulator.ActiveCfg = Debug|Any CPU
		{BC86C48E-45BD-47E5-80F7-B6195693A5D6}.Debug|iPhoneSimulator.Build.0 = Debug|Any CPU
		{BC86C48E-45BD-47E5-80F7-B6195693A5D6}.Debug|iPhoneSimulator.Deploy.0 = Debug|Any CPU
		{BC86C48E-45BD-47E5-80F7-B6195693A5D6}.Debug|x64.ActiveCfg = Debug|Any CPU
		{BC86C48E-45BD-47E5-80F7-B6195693A5D6}.Debug|x64.Build.0 = Debug|Any CPU
		{BC86C48E-45BD-47E5-80F7-B6195693A5D6}.Debug|x64.Deploy.0 = Debug|Any CPU
		{BC86C48E-45BD-47E5-80F7-B6195693A5D6}.Debug|x86.ActiveCfg = Debug|Any CPU
		{BC86C48E-45BD-47E5-80F7-B6195693A5D6}.Debug|x86.Build.0 = Debug|Any CPU
		{BC86C48E-45BD-47E5-80F7-B6195693A5D6}.Debug|x86.Deploy.0 = Debug|Any CPU
		{BC86C48E-45BD-47E5-80F7-B6195693A5D6}.Release|Any CPU.ActiveCfg = Release|Any CPU
		{BC86C48E-45BD-47E5-80F7-B6195693A5D6}.Release|Any CPU.Build.0 = Release|Any CPU
		{BC86C48E-45BD-47E5-80F7-B6195693A5D6}.Release|Any CPU.Deploy.0 = Release|Any CPU
		{BC86C48E-45BD-47E5-80F7-B6195693A5D6}.Release|ARM.ActiveCfg = Release|Any CPU
		{BC86C48E-45BD-47E5-80F7-B6195693A5D6}.Release|ARM.Build.0 = Release|Any CPU
		{BC86C48E-45BD-47E5-80F7-B6195693A5D6}.Release|ARM.Deploy.0 = Release|Any CPU
		{BC86C48E-45BD-47E5-80F7-B6195693A5D6}.Release|iPhone.ActiveCfg = Release|Any CPU
		{BC86C48E-45BD-47E5-80F7-B6195693A5D6}.Release|iPhone.Build.0 = Release|Any CPU
		{BC86C48E-45BD-47E5-80F7-B6195693A5D6}.Release|iPhone.Deploy.0 = Release|Any CPU
		{BC86C48E-45BD-47E5-80F7-B6195693A5D6}.Release|iPhoneSimulator.ActiveCfg = Release|Any CPU
		{BC86C48E-45BD-47E5-80F7-B6195693A5D6}.Release|iPhoneSimulator.Build.0 = Release|Any CPU
		{BC86C48E-45BD-47E5-80F7-B6195693A5D6}.Release|iPhoneSimulator.Deploy.0 = Release|Any CPU
		{BC86C48E-45BD-47E5-80F7-B6195693A5D6}.Release|x64.ActiveCfg = Release|Any CPU
		{BC86C48E-45BD-47E5-80F7-B6195693A5D6}.Release|x64.Build.0 = Release|Any CPU
		{BC86C48E-45BD-47E5-80F7-B6195693A5D6}.Release|x64.Deploy.0 = Release|Any CPU
		{BC86C48E-45BD-47E5-80F7-B6195693A5D6}.Release|x86.ActiveCfg = Release|Any CPU
		{BC86C48E-45BD-47E5-80F7-B6195693A5D6}.Release|x86.Build.0 = Release|Any CPU
		{BC86C48E-45BD-47E5-80F7-B6195693A5D6}.Release|x86.Deploy.0 = Release|Any CPU
		{66D0D964-6D1E-43AB-88DA-7331C8E9D560}.Ad-Hoc|Any CPU.ActiveCfg = Ad-Hoc|iPhone
		{66D0D964-6D1E-43AB-88DA-7331C8E9D560}.Ad-Hoc|ARM.ActiveCfg = Ad-Hoc|iPhone
		{66D0D964-6D1E-43AB-88DA-7331C8E9D560}.Ad-Hoc|iPhone.ActiveCfg = Ad-Hoc|iPhone
		{66D0D964-6D1E-43AB-88DA-7331C8E9D560}.Ad-Hoc|iPhone.Build.0 = Ad-Hoc|iPhone
		{66D0D964-6D1E-43AB-88DA-7331C8E9D560}.Ad-Hoc|iPhoneSimulator.ActiveCfg = Ad-Hoc|iPhoneSimulator
		{66D0D964-6D1E-43AB-88DA-7331C8E9D560}.Ad-Hoc|iPhoneSimulator.Build.0 = Ad-Hoc|iPhoneSimulator
		{66D0D964-6D1E-43AB-88DA-7331C8E9D560}.Ad-Hoc|x64.ActiveCfg = Ad-Hoc|iPhone
		{66D0D964-6D1E-43AB-88DA-7331C8E9D560}.Ad-Hoc|x86.ActiveCfg = Ad-Hoc|iPhone
		{66D0D964-6D1E-43AB-88DA-7331C8E9D560}.AppStore|Any CPU.ActiveCfg = AppStore|iPhone
		{66D0D964-6D1E-43AB-88DA-7331C8E9D560}.AppStore|ARM.ActiveCfg = AppStore|iPhone
		{66D0D964-6D1E-43AB-88DA-7331C8E9D560}.AppStore|iPhone.ActiveCfg = AppStore|iPhone
		{66D0D964-6D1E-43AB-88DA-7331C8E9D560}.AppStore|iPhone.Build.0 = AppStore|iPhone
		{66D0D964-6D1E-43AB-88DA-7331C8E9D560}.AppStore|iPhoneSimulator.ActiveCfg = AppStore|iPhoneSimulator
		{66D0D964-6D1E-43AB-88DA-7331C8E9D560}.AppStore|iPhoneSimulator.Build.0 = AppStore|iPhoneSimulator
		{66D0D964-6D1E-43AB-88DA-7331C8E9D560}.AppStore|x64.ActiveCfg = AppStore|iPhone
		{66D0D964-6D1E-43AB-88DA-7331C8E9D560}.AppStore|x86.ActiveCfg = AppStore|iPhone
		{66D0D964-6D1E-43AB-88DA-7331C8E9D560}.Debug|Any CPU.ActiveCfg = Debug|iPhone
		{66D0D964-6D1E-43AB-88DA-7331C8E9D560}.Debug|ARM.ActiveCfg = Debug|iPhone
		{66D0D964-6D1E-43AB-88DA-7331C8E9D560}.Debug|iPhone.ActiveCfg = Debug|iPhone
		{66D0D964-6D1E-43AB-88DA-7331C8E9D560}.Debug|iPhone.Build.0 = Debug|iPhone
		{66D0D964-6D1E-43AB-88DA-7331C8E9D560}.Debug|iPhoneSimulator.ActiveCfg = Debug|iPhoneSimulator
		{66D0D964-6D1E-43AB-88DA-7331C8E9D560}.Debug|iPhoneSimulator.Build.0 = Debug|iPhoneSimulator
		{66D0D964-6D1E-43AB-88DA-7331C8E9D560}.Debug|x64.ActiveCfg = Debug|iPhone
		{66D0D964-6D1E-43AB-88DA-7331C8E9D560}.Debug|x86.ActiveCfg = Debug|iPhone
		{66D0D964-6D1E-43AB-88DA-7331C8E9D560}.Release|Any CPU.ActiveCfg = Release|iPhone
		{66D0D964-6D1E-43AB-88DA-7331C8E9D560}.Release|ARM.ActiveCfg = Release|iPhone
		{66D0D964-6D1E-43AB-88DA-7331C8E9D560}.Release|iPhone.ActiveCfg = Release|iPhone
		{66D0D964-6D1E-43AB-88DA-7331C8E9D560}.Release|iPhone.Build.0 = Release|iPhone
		{66D0D964-6D1E-43AB-88DA-7331C8E9D560}.Release|iPhoneSimulator.ActiveCfg = Release|iPhoneSimulator
		{66D0D964-6D1E-43AB-88DA-7331C8E9D560}.Release|iPhoneSimulator.Build.0 = Release|iPhoneSimulator
		{66D0D964-6D1E-43AB-88DA-7331C8E9D560}.Release|x64.ActiveCfg = Release|iPhone
		{66D0D964-6D1E-43AB-88DA-7331C8E9D560}.Release|x86.ActiveCfg = Release|iPhone
		{2D1A24A6-FD0F-4191-8786-C1C521E20955}.Ad-Hoc|Any CPU.ActiveCfg = Release|Any CPU
		{2D1A24A6-FD0F-4191-8786-C1C521E20955}.Ad-Hoc|Any CPU.Build.0 = Release|Any CPU
		{2D1A24A6-FD0F-4191-8786-C1C521E20955}.Ad-Hoc|Any CPU.Deploy.0 = Release|Any CPU
		{2D1A24A6-FD0F-4191-8786-C1C521E20955}.Ad-Hoc|ARM.ActiveCfg = Release|ARM
		{2D1A24A6-FD0F-4191-8786-C1C521E20955}.Ad-Hoc|ARM.Build.0 = Release|ARM
		{2D1A24A6-FD0F-4191-8786-C1C521E20955}.Ad-Hoc|ARM.Deploy.0 = Release|ARM
		{2D1A24A6-FD0F-4191-8786-C1C521E20955}.Ad-Hoc|iPhone.ActiveCfg = Release|Any CPU
		{2D1A24A6-FD0F-4191-8786-C1C521E20955}.Ad-Hoc|iPhone.Build.0 = Release|Any CPU
		{2D1A24A6-FD0F-4191-8786-C1C521E20955}.Ad-Hoc|iPhone.Deploy.0 = Release|Any CPU
		{2D1A24A6-FD0F-4191-8786-C1C521E20955}.Ad-Hoc|iPhoneSimulator.ActiveCfg = Release|Any CPU
		{2D1A24A6-FD0F-4191-8786-C1C521E20955}.Ad-Hoc|iPhoneSimulator.Build.0 = Release|Any CPU
		{2D1A24A6-FD0F-4191-8786-C1C521E20955}.Ad-Hoc|iPhoneSimulator.Deploy.0 = Release|Any CPU
		{2D1A24A6-FD0F-4191-8786-C1C521E20955}.Ad-Hoc|x64.ActiveCfg = Release|Any CPU
		{2D1A24A6-FD0F-4191-8786-C1C521E20955}.Ad-Hoc|x64.Build.0 = Release|Any CPU
		{2D1A24A6-FD0F-4191-8786-C1C521E20955}.Ad-Hoc|x64.Deploy.0 = Release|Any CPU
		{2D1A24A6-FD0F-4191-8786-C1C521E20955}.Ad-Hoc|x86.ActiveCfg = Release|x86
		{2D1A24A6-FD0F-4191-8786-C1C521E20955}.Ad-Hoc|x86.Build.0 = Release|x86
		{2D1A24A6-FD0F-4191-8786-C1C521E20955}.Ad-Hoc|x86.Deploy.0 = Release|x86
		{2D1A24A6-FD0F-4191-8786-C1C521E20955}.AppStore|Any CPU.ActiveCfg = Release|Any CPU
		{2D1A24A6-FD0F-4191-8786-C1C521E20955}.AppStore|Any CPU.Build.0 = Release|Any CPU
		{2D1A24A6-FD0F-4191-8786-C1C521E20955}.AppStore|Any CPU.Deploy.0 = Release|Any CPU
		{2D1A24A6-FD0F-4191-8786-C1C521E20955}.AppStore|ARM.ActiveCfg = Release|ARM
		{2D1A24A6-FD0F-4191-8786-C1C521E20955}.AppStore|ARM.Build.0 = Release|ARM
		{2D1A24A6-FD0F-4191-8786-C1C521E20955}.AppStore|ARM.Deploy.0 = Release|ARM
		{2D1A24A6-FD0F-4191-8786-C1C521E20955}.AppStore|iPhone.ActiveCfg = Release|Any CPU
		{2D1A24A6-FD0F-4191-8786-C1C521E20955}.AppStore|iPhone.Build.0 = Release|Any CPU
		{2D1A24A6-FD0F-4191-8786-C1C521E20955}.AppStore|iPhone.Deploy.0 = Release|Any CPU
		{2D1A24A6-FD0F-4191-8786-C1C521E20955}.AppStore|iPhoneSimulator.ActiveCfg = Release|Any CPU
		{2D1A24A6-FD0F-4191-8786-C1C521E20955}.AppStore|iPhoneSimulator.Build.0 = Release|Any CPU
		{2D1A24A6-FD0F-4191-8786-C1C521E20955}.AppStore|iPhoneSimulator.Deploy.0 = Release|Any CPU
		{2D1A24A6-FD0F-4191-8786-C1C521E20955}.AppStore|x64.ActiveCfg = Release|Any CPU
		{2D1A24A6-FD0F-4191-8786-C1C521E20955}.AppStore|x64.Build.0 = Release|Any CPU
		{2D1A24A6-FD0F-4191-8786-C1C521E20955}.AppStore|x64.Deploy.0 = Release|Any CPU
		{2D1A24A6-FD0F-4191-8786-C1C521E20955}.AppStore|x86.ActiveCfg = Release|x86
		{2D1A24A6-FD0F-4191-8786-C1C521E20955}.AppStore|x86.Build.0 = Release|x86
		{2D1A24A6-FD0F-4191-8786-C1C521E20955}.AppStore|x86.Deploy.0 = Release|x86
		{2D1A24A6-FD0F-4191-8786-C1C521E20955}.Debug|Any CPU.ActiveCfg = Debug|Any CPU
		{2D1A24A6-FD0F-4191-8786-C1C521E20955}.Debug|Any CPU.Build.0 = Debug|Any CPU
		{2D1A24A6-FD0F-4191-8786-C1C521E20955}.Debug|Any CPU.Deploy.0 = Debug|Any CPU
		{2D1A24A6-FD0F-4191-8786-C1C521E20955}.Debug|ARM.ActiveCfg = Debug|ARM
		{2D1A24A6-FD0F-4191-8786-C1C521E20955}.Debug|ARM.Build.0 = Debug|ARM
		{2D1A24A6-FD0F-4191-8786-C1C521E20955}.Debug|ARM.Deploy.0 = Debug|ARM
		{2D1A24A6-FD0F-4191-8786-C1C521E20955}.Debug|iPhone.ActiveCfg = Debug|Any CPU
		{2D1A24A6-FD0F-4191-8786-C1C521E20955}.Debug|iPhone.Build.0 = Debug|Any CPU
		{2D1A24A6-FD0F-4191-8786-C1C521E20955}.Debug|iPhone.Deploy.0 = Debug|Any CPU
		{2D1A24A6-FD0F-4191-8786-C1C521E20955}.Debug|iPhoneSimulator.ActiveCfg = Debug|Any CPU
		{2D1A24A6-FD0F-4191-8786-C1C521E20955}.Debug|iPhoneSimulator.Build.0 = Debug|Any CPU
		{2D1A24A6-FD0F-4191-8786-C1C521E20955}.Debug|iPhoneSimulator.Deploy.0 = Debug|Any CPU
		{2D1A24A6-FD0F-4191-8786-C1C521E20955}.Debug|x64.ActiveCfg = Debug|Any CPU
		{2D1A24A6-FD0F-4191-8786-C1C521E20955}.Debug|x64.Build.0 = Debug|Any CPU
		{2D1A24A6-FD0F-4191-8786-C1C521E20955}.Debug|x64.Deploy.0 = Debug|Any CPU
		{2D1A24A6-FD0F-4191-8786-C1C521E20955}.Debug|x86.ActiveCfg = Debug|x86
		{2D1A24A6-FD0F-4191-8786-C1C521E20955}.Debug|x86.Build.0 = Debug|x86
		{2D1A24A6-FD0F-4191-8786-C1C521E20955}.Debug|x86.Deploy.0 = Debug|x86
		{2D1A24A6-FD0F-4191-8786-C1C521E20955}.Release|Any CPU.ActiveCfg = Release|Any CPU
		{2D1A24A6-FD0F-4191-8786-C1C521E20955}.Release|Any CPU.Build.0 = Release|Any CPU
		{2D1A24A6-FD0F-4191-8786-C1C521E20955}.Release|Any CPU.Deploy.0 = Release|Any CPU
		{2D1A24A6-FD0F-4191-8786-C1C521E20955}.Release|ARM.ActiveCfg = Release|ARM
		{2D1A24A6-FD0F-4191-8786-C1C521E20955}.Release|ARM.Build.0 = Release|ARM
		{2D1A24A6-FD0F-4191-8786-C1C521E20955}.Release|ARM.Deploy.0 = Release|ARM
		{2D1A24A6-FD0F-4191-8786-C1C521E20955}.Release|iPhone.ActiveCfg = Release|Any CPU
		{2D1A24A6-FD0F-4191-8786-C1C521E20955}.Release|iPhone.Build.0 = Release|Any CPU
		{2D1A24A6-FD0F-4191-8786-C1C521E20955}.Release|iPhone.Deploy.0 = Release|Any CPU
		{2D1A24A6-FD0F-4191-8786-C1C521E20955}.Release|iPhoneSimulator.ActiveCfg = Release|Any CPU
		{2D1A24A6-FD0F-4191-8786-C1C521E20955}.Release|iPhoneSimulator.Build.0 = Release|Any CPU
		{2D1A24A6-FD0F-4191-8786-C1C521E20955}.Release|iPhoneSimulator.Deploy.0 = Release|Any CPU
		{2D1A24A6-FD0F-4191-8786-C1C521E20955}.Release|x64.ActiveCfg = Release|Any CPU
		{2D1A24A6-FD0F-4191-8786-C1C521E20955}.Release|x64.Build.0 = Release|Any CPU
		{2D1A24A6-FD0F-4191-8786-C1C521E20955}.Release|x64.Deploy.0 = Release|Any CPU
		{2D1A24A6-FD0F-4191-8786-C1C521E20955}.Release|x86.ActiveCfg = Release|x86
		{2D1A24A6-FD0F-4191-8786-C1C521E20955}.Release|x86.Build.0 = Release|x86
		{2D1A24A6-FD0F-4191-8786-C1C521E20955}.Release|x86.Deploy.0 = Release|x86
		{C1B59D74-E4D6-4733-9951-00ABEAA6D3EB}.Ad-Hoc|Any CPU.ActiveCfg = Release|x86
		{C1B59D74-E4D6-4733-9951-00ABEAA6D3EB}.Ad-Hoc|Any CPU.Build.0 = Release|x86
		{C1B59D74-E4D6-4733-9951-00ABEAA6D3EB}.Ad-Hoc|Any CPU.Deploy.0 = Release|x86
		{C1B59D74-E4D6-4733-9951-00ABEAA6D3EB}.Ad-Hoc|ARM.ActiveCfg = Release|ARM
		{C1B59D74-E4D6-4733-9951-00ABEAA6D3EB}.Ad-Hoc|ARM.Build.0 = Release|ARM
		{C1B59D74-E4D6-4733-9951-00ABEAA6D3EB}.Ad-Hoc|ARM.Deploy.0 = Release|ARM
		{C1B59D74-E4D6-4733-9951-00ABEAA6D3EB}.Ad-Hoc|iPhone.ActiveCfg = Release|x86
		{C1B59D74-E4D6-4733-9951-00ABEAA6D3EB}.Ad-Hoc|iPhone.Build.0 = Release|x86
		{C1B59D74-E4D6-4733-9951-00ABEAA6D3EB}.Ad-Hoc|iPhone.Deploy.0 = Release|x86
		{C1B59D74-E4D6-4733-9951-00ABEAA6D3EB}.Ad-Hoc|iPhoneSimulator.ActiveCfg = Release|x86
		{C1B59D74-E4D6-4733-9951-00ABEAA6D3EB}.Ad-Hoc|iPhoneSimulator.Build.0 = Release|x86
		{C1B59D74-E4D6-4733-9951-00ABEAA6D3EB}.Ad-Hoc|iPhoneSimulator.Deploy.0 = Release|x86
		{C1B59D74-E4D6-4733-9951-00ABEAA6D3EB}.Ad-Hoc|x64.ActiveCfg = Release|x64
		{C1B59D74-E4D6-4733-9951-00ABEAA6D3EB}.Ad-Hoc|x64.Build.0 = Release|x64
		{C1B59D74-E4D6-4733-9951-00ABEAA6D3EB}.Ad-Hoc|x64.Deploy.0 = Release|x64
		{C1B59D74-E4D6-4733-9951-00ABEAA6D3EB}.Ad-Hoc|x86.ActiveCfg = Release|x86
		{C1B59D74-E4D6-4733-9951-00ABEAA6D3EB}.Ad-Hoc|x86.Build.0 = Release|x86
		{C1B59D74-E4D6-4733-9951-00ABEAA6D3EB}.Ad-Hoc|x86.Deploy.0 = Release|x86
		{C1B59D74-E4D6-4733-9951-00ABEAA6D3EB}.AppStore|Any CPU.ActiveCfg = Release|x86
		{C1B59D74-E4D6-4733-9951-00ABEAA6D3EB}.AppStore|Any CPU.Build.0 = Release|x86
		{C1B59D74-E4D6-4733-9951-00ABEAA6D3EB}.AppStore|Any CPU.Deploy.0 = Release|x86
		{C1B59D74-E4D6-4733-9951-00ABEAA6D3EB}.AppStore|ARM.ActiveCfg = Release|ARM
		{C1B59D74-E4D6-4733-9951-00ABEAA6D3EB}.AppStore|ARM.Build.0 = Release|ARM
		{C1B59D74-E4D6-4733-9951-00ABEAA6D3EB}.AppStore|ARM.Deploy.0 = Release|ARM
		{C1B59D74-E4D6-4733-9951-00ABEAA6D3EB}.AppStore|iPhone.ActiveCfg = Release|x86
		{C1B59D74-E4D6-4733-9951-00ABEAA6D3EB}.AppStore|iPhone.Build.0 = Release|x86
		{C1B59D74-E4D6-4733-9951-00ABEAA6D3EB}.AppStore|iPhone.Deploy.0 = Release|x86
		{C1B59D74-E4D6-4733-9951-00ABEAA6D3EB}.AppStore|iPhoneSimulator.ActiveCfg = Release|x86
		{C1B59D74-E4D6-4733-9951-00ABEAA6D3EB}.AppStore|iPhoneSimulator.Build.0 = Release|x86
		{C1B59D74-E4D6-4733-9951-00ABEAA6D3EB}.AppStore|iPhoneSimulator.Deploy.0 = Release|x86
		{C1B59D74-E4D6-4733-9951-00ABEAA6D3EB}.AppStore|x64.ActiveCfg = Release|x64
		{C1B59D74-E4D6-4733-9951-00ABEAA6D3EB}.AppStore|x64.Build.0 = Release|x64
		{C1B59D74-E4D6-4733-9951-00ABEAA6D3EB}.AppStore|x64.Deploy.0 = Release|x64
		{C1B59D74-E4D6-4733-9951-00ABEAA6D3EB}.AppStore|x86.ActiveCfg = Release|x86
		{C1B59D74-E4D6-4733-9951-00ABEAA6D3EB}.AppStore|x86.Build.0 = Release|x86
		{C1B59D74-E4D6-4733-9951-00ABEAA6D3EB}.AppStore|x86.Deploy.0 = Release|x86
		{C1B59D74-E4D6-4733-9951-00ABEAA6D3EB}.Debug|Any CPU.ActiveCfg = Debug|x86
		{C1B59D74-E4D6-4733-9951-00ABEAA6D3EB}.Debug|ARM.ActiveCfg = Debug|ARM
		{C1B59D74-E4D6-4733-9951-00ABEAA6D3EB}.Debug|ARM.Build.0 = Debug|ARM
		{C1B59D74-E4D6-4733-9951-00ABEAA6D3EB}.Debug|ARM.Deploy.0 = Debug|ARM
		{C1B59D74-E4D6-4733-9951-00ABEAA6D3EB}.Debug|iPhone.ActiveCfg = Debug|x86
		{C1B59D74-E4D6-4733-9951-00ABEAA6D3EB}.Debug|iPhoneSimulator.ActiveCfg = Debug|x86
		{C1B59D74-E4D6-4733-9951-00ABEAA6D3EB}.Debug|x64.ActiveCfg = Debug|x64
		{C1B59D74-E4D6-4733-9951-00ABEAA6D3EB}.Debug|x64.Build.0 = Debug|x64
		{C1B59D74-E4D6-4733-9951-00ABEAA6D3EB}.Debug|x64.Deploy.0 = Debug|x64
		{C1B59D74-E4D6-4733-9951-00ABEAA6D3EB}.Debug|x86.ActiveCfg = Debug|x86
		{C1B59D74-E4D6-4733-9951-00ABEAA6D3EB}.Debug|x86.Build.0 = Debug|x86
		{C1B59D74-E4D6-4733-9951-00ABEAA6D3EB}.Debug|x86.Deploy.0 = Debug|x86
		{C1B59D74-E4D6-4733-9951-00ABEAA6D3EB}.Release|Any CPU.ActiveCfg = Release|x86
		{C1B59D74-E4D6-4733-9951-00ABEAA6D3EB}.Release|ARM.ActiveCfg = Release|ARM
		{C1B59D74-E4D6-4733-9951-00ABEAA6D3EB}.Release|ARM.Build.0 = Release|ARM
		{C1B59D74-E4D6-4733-9951-00ABEAA6D3EB}.Release|ARM.Deploy.0 = Release|ARM
		{C1B59D74-E4D6-4733-9951-00ABEAA6D3EB}.Release|iPhone.ActiveCfg = Release|x86
		{C1B59D74-E4D6-4733-9951-00ABEAA6D3EB}.Release|iPhoneSimulator.ActiveCfg = Release|x86
		{C1B59D74-E4D6-4733-9951-00ABEAA6D3EB}.Release|x64.ActiveCfg = Release|x64
		{C1B59D74-E4D6-4733-9951-00ABEAA6D3EB}.Release|x64.Build.0 = Release|x64
		{C1B59D74-E4D6-4733-9951-00ABEAA6D3EB}.Release|x64.Deploy.0 = Release|x64
		{C1B59D74-E4D6-4733-9951-00ABEAA6D3EB}.Release|x86.ActiveCfg = Release|x86
		{C1B59D74-E4D6-4733-9951-00ABEAA6D3EB}.Release|x86.Build.0 = Release|x86
		{C1B59D74-E4D6-4733-9951-00ABEAA6D3EB}.Release|x86.Deploy.0 = Release|x86
		{8ACCA826-0FA1-46B0-9B72-22E4A4B68798}.Ad-Hoc|Any CPU.ActiveCfg = Release|Any CPU
		{8ACCA826-0FA1-46B0-9B72-22E4A4B68798}.Ad-Hoc|Any CPU.Build.0 = Release|Any CPU
		{8ACCA826-0FA1-46B0-9B72-22E4A4B68798}.Ad-Hoc|Any CPU.Deploy.0 = Release|Any CPU
		{8ACCA826-0FA1-46B0-9B72-22E4A4B68798}.Ad-Hoc|ARM.ActiveCfg = Release|ARM
		{8ACCA826-0FA1-46B0-9B72-22E4A4B68798}.Ad-Hoc|ARM.Build.0 = Release|ARM
		{8ACCA826-0FA1-46B0-9B72-22E4A4B68798}.Ad-Hoc|ARM.Deploy.0 = Release|ARM
		{8ACCA826-0FA1-46B0-9B72-22E4A4B68798}.Ad-Hoc|iPhone.ActiveCfg = Release|Any CPU
		{8ACCA826-0FA1-46B0-9B72-22E4A4B68798}.Ad-Hoc|iPhone.Build.0 = Release|Any CPU
		{8ACCA826-0FA1-46B0-9B72-22E4A4B68798}.Ad-Hoc|iPhone.Deploy.0 = Release|Any CPU
		{8ACCA826-0FA1-46B0-9B72-22E4A4B68798}.Ad-Hoc|iPhoneSimulator.ActiveCfg = Release|Any CPU
		{8ACCA826-0FA1-46B0-9B72-22E4A4B68798}.Ad-Hoc|iPhoneSimulator.Build.0 = Release|Any CPU
		{8ACCA826-0FA1-46B0-9B72-22E4A4B68798}.Ad-Hoc|iPhoneSimulator.Deploy.0 = Release|Any CPU
		{8ACCA826-0FA1-46B0-9B72-22E4A4B68798}.Ad-Hoc|x64.ActiveCfg = Release|x64
		{8ACCA826-0FA1-46B0-9B72-22E4A4B68798}.Ad-Hoc|x64.Build.0 = Release|x64
		{8ACCA826-0FA1-46B0-9B72-22E4A4B68798}.Ad-Hoc|x64.Deploy.0 = Release|x64
		{8ACCA826-0FA1-46B0-9B72-22E4A4B68798}.Ad-Hoc|x86.ActiveCfg = Release|x86
		{8ACCA826-0FA1-46B0-9B72-22E4A4B68798}.Ad-Hoc|x86.Build.0 = Release|x86
		{8ACCA826-0FA1-46B0-9B72-22E4A4B68798}.Ad-Hoc|x86.Deploy.0 = Release|x86
		{8ACCA826-0FA1-46B0-9B72-22E4A4B68798}.AppStore|Any CPU.ActiveCfg = Release|Any CPU
		{8ACCA826-0FA1-46B0-9B72-22E4A4B68798}.AppStore|Any CPU.Build.0 = Release|Any CPU
		{8ACCA826-0FA1-46B0-9B72-22E4A4B68798}.AppStore|Any CPU.Deploy.0 = Release|Any CPU
		{8ACCA826-0FA1-46B0-9B72-22E4A4B68798}.AppStore|ARM.ActiveCfg = Release|ARM
		{8ACCA826-0FA1-46B0-9B72-22E4A4B68798}.AppStore|ARM.Build.0 = Release|ARM
		{8ACCA826-0FA1-46B0-9B72-22E4A4B68798}.AppStore|ARM.Deploy.0 = Release|ARM
		{8ACCA826-0FA1-46B0-9B72-22E4A4B68798}.AppStore|iPhone.ActiveCfg = Release|Any CPU
		{8ACCA826-0FA1-46B0-9B72-22E4A4B68798}.AppStore|iPhone.Build.0 = Release|Any CPU
		{8ACCA826-0FA1-46B0-9B72-22E4A4B68798}.AppStore|iPhone.Deploy.0 = Release|Any CPU
		{8ACCA826-0FA1-46B0-9B72-22E4A4B68798}.AppStore|iPhoneSimulator.ActiveCfg = Release|Any CPU
		{8ACCA826-0FA1-46B0-9B72-22E4A4B68798}.AppStore|iPhoneSimulator.Build.0 = Release|Any CPU
		{8ACCA826-0FA1-46B0-9B72-22E4A4B68798}.AppStore|iPhoneSimulator.Deploy.0 = Release|Any CPU
		{8ACCA826-0FA1-46B0-9B72-22E4A4B68798}.AppStore|x64.ActiveCfg = Release|x64
		{8ACCA826-0FA1-46B0-9B72-22E4A4B68798}.AppStore|x64.Build.0 = Release|x64
		{8ACCA826-0FA1-46B0-9B72-22E4A4B68798}.AppStore|x64.Deploy.0 = Release|x64
		{8ACCA826-0FA1-46B0-9B72-22E4A4B68798}.AppStore|x86.ActiveCfg = Release|x86
		{8ACCA826-0FA1-46B0-9B72-22E4A4B68798}.AppStore|x86.Build.0 = Release|x86
		{8ACCA826-0FA1-46B0-9B72-22E4A4B68798}.AppStore|x86.Deploy.0 = Release|x86
		{8ACCA826-0FA1-46B0-9B72-22E4A4B68798}.Debug|Any CPU.ActiveCfg = Debug|Any CPU
		{8ACCA826-0FA1-46B0-9B72-22E4A4B68798}.Debug|Any CPU.Build.0 = Debug|Any CPU
		{8ACCA826-0FA1-46B0-9B72-22E4A4B68798}.Debug|Any CPU.Deploy.0 = Debug|Any CPU
		{8ACCA826-0FA1-46B0-9B72-22E4A4B68798}.Debug|ARM.ActiveCfg = Debug|ARM
		{8ACCA826-0FA1-46B0-9B72-22E4A4B68798}.Debug|ARM.Build.0 = Debug|ARM
		{8ACCA826-0FA1-46B0-9B72-22E4A4B68798}.Debug|ARM.Deploy.0 = Debug|ARM
		{8ACCA826-0FA1-46B0-9B72-22E4A4B68798}.Debug|iPhone.ActiveCfg = Debug|Any CPU
		{8ACCA826-0FA1-46B0-9B72-22E4A4B68798}.Debug|iPhone.Build.0 = Debug|Any CPU
		{8ACCA826-0FA1-46B0-9B72-22E4A4B68798}.Debug|iPhone.Deploy.0 = Debug|Any CPU
		{8ACCA826-0FA1-46B0-9B72-22E4A4B68798}.Debug|iPhoneSimulator.ActiveCfg = Debug|Any CPU
		{8ACCA826-0FA1-46B0-9B72-22E4A4B68798}.Debug|iPhoneSimulator.Build.0 = Debug|Any CPU
		{8ACCA826-0FA1-46B0-9B72-22E4A4B68798}.Debug|iPhoneSimulator.Deploy.0 = Debug|Any CPU
		{8ACCA826-0FA1-46B0-9B72-22E4A4B68798}.Debug|x64.ActiveCfg = Debug|x64
		{8ACCA826-0FA1-46B0-9B72-22E4A4B68798}.Debug|x64.Build.0 = Debug|x64
		{8ACCA826-0FA1-46B0-9B72-22E4A4B68798}.Debug|x64.Deploy.0 = Debug|x64
		{8ACCA826-0FA1-46B0-9B72-22E4A4B68798}.Debug|x86.ActiveCfg = Debug|x86
		{8ACCA826-0FA1-46B0-9B72-22E4A4B68798}.Debug|x86.Build.0 = Debug|x86
		{8ACCA826-0FA1-46B0-9B72-22E4A4B68798}.Debug|x86.Deploy.0 = Debug|x86
		{8ACCA826-0FA1-46B0-9B72-22E4A4B68798}.Release|Any CPU.ActiveCfg = Release|Any CPU
		{8ACCA826-0FA1-46B0-9B72-22E4A4B68798}.Release|Any CPU.Build.0 = Release|Any CPU
		{8ACCA826-0FA1-46B0-9B72-22E4A4B68798}.Release|Any CPU.Deploy.0 = Release|Any CPU
		{8ACCA826-0FA1-46B0-9B72-22E4A4B68798}.Release|ARM.ActiveCfg = Release|ARM
		{8ACCA826-0FA1-46B0-9B72-22E4A4B68798}.Release|ARM.Build.0 = Release|ARM
		{8ACCA826-0FA1-46B0-9B72-22E4A4B68798}.Release|ARM.Deploy.0 = Release|ARM
		{8ACCA826-0FA1-46B0-9B72-22E4A4B68798}.Release|iPhone.ActiveCfg = Release|Any CPU
		{8ACCA826-0FA1-46B0-9B72-22E4A4B68798}.Release|iPhone.Build.0 = Release|Any CPU
		{8ACCA826-0FA1-46B0-9B72-22E4A4B68798}.Release|iPhone.Deploy.0 = Release|Any CPU
		{8ACCA826-0FA1-46B0-9B72-22E4A4B68798}.Release|iPhoneSimulator.ActiveCfg = Release|Any CPU
		{8ACCA826-0FA1-46B0-9B72-22E4A4B68798}.Release|iPhoneSimulator.Build.0 = Release|Any CPU
		{8ACCA826-0FA1-46B0-9B72-22E4A4B68798}.Release|iPhoneSimulator.Deploy.0 = Release|Any CPU
		{8ACCA826-0FA1-46B0-9B72-22E4A4B68798}.Release|x64.ActiveCfg = Release|x64
		{8ACCA826-0FA1-46B0-9B72-22E4A4B68798}.Release|x64.Build.0 = Release|x64
		{8ACCA826-0FA1-46B0-9B72-22E4A4B68798}.Release|x64.Deploy.0 = Release|x64
		{8ACCA826-0FA1-46B0-9B72-22E4A4B68798}.Release|x86.ActiveCfg = Release|x86
		{8ACCA826-0FA1-46B0-9B72-22E4A4B68798}.Release|x86.Build.0 = Release|x86
		{8ACCA826-0FA1-46B0-9B72-22E4A4B68798}.Release|x86.Deploy.0 = Release|x86
		{2FDB6527-A7E4-40A4-ABF8-93C5AB566804}.Ad-Hoc|Any CPU.ActiveCfg = Release|Any CPU
		{2FDB6527-A7E4-40A4-ABF8-93C5AB566804}.Ad-Hoc|Any CPU.Build.0 = Release|Any CPU
		{2FDB6527-A7E4-40A4-ABF8-93C5AB566804}.Ad-Hoc|ARM.ActiveCfg = Release|Any CPU
		{2FDB6527-A7E4-40A4-ABF8-93C5AB566804}.Ad-Hoc|ARM.Build.0 = Release|Any CPU
		{2FDB6527-A7E4-40A4-ABF8-93C5AB566804}.Ad-Hoc|iPhone.ActiveCfg = Release|Any CPU
		{2FDB6527-A7E4-40A4-ABF8-93C5AB566804}.Ad-Hoc|iPhone.Build.0 = Release|Any CPU
		{2FDB6527-A7E4-40A4-ABF8-93C5AB566804}.Ad-Hoc|iPhoneSimulator.ActiveCfg = Release|Any CPU
		{2FDB6527-A7E4-40A4-ABF8-93C5AB566804}.Ad-Hoc|iPhoneSimulator.Build.0 = Release|Any CPU
		{2FDB6527-A7E4-40A4-ABF8-93C5AB566804}.Ad-Hoc|x64.ActiveCfg = Release|Any CPU
		{2FDB6527-A7E4-40A4-ABF8-93C5AB566804}.Ad-Hoc|x64.Build.0 = Release|Any CPU
		{2FDB6527-A7E4-40A4-ABF8-93C5AB566804}.Ad-Hoc|x86.ActiveCfg = Release|Any CPU
		{2FDB6527-A7E4-40A4-ABF8-93C5AB566804}.Ad-Hoc|x86.Build.0 = Release|Any CPU
		{2FDB6527-A7E4-40A4-ABF8-93C5AB566804}.AppStore|Any CPU.ActiveCfg = Release|Any CPU
		{2FDB6527-A7E4-40A4-ABF8-93C5AB566804}.AppStore|Any CPU.Build.0 = Release|Any CPU
		{2FDB6527-A7E4-40A4-ABF8-93C5AB566804}.AppStore|ARM.ActiveCfg = Release|Any CPU
		{2FDB6527-A7E4-40A4-ABF8-93C5AB566804}.AppStore|ARM.Build.0 = Release|Any CPU
		{2FDB6527-A7E4-40A4-ABF8-93C5AB566804}.AppStore|iPhone.ActiveCfg = Release|Any CPU
		{2FDB6527-A7E4-40A4-ABF8-93C5AB566804}.AppStore|iPhone.Build.0 = Release|Any CPU
		{2FDB6527-A7E4-40A4-ABF8-93C5AB566804}.AppStore|iPhoneSimulator.ActiveCfg = Release|Any CPU
		{2FDB6527-A7E4-40A4-ABF8-93C5AB566804}.AppStore|iPhoneSimulator.Build.0 = Release|Any CPU
		{2FDB6527-A7E4-40A4-ABF8-93C5AB566804}.AppStore|x64.ActiveCfg = Release|Any CPU
		{2FDB6527-A7E4-40A4-ABF8-93C5AB566804}.AppStore|x64.Build.0 = Release|Any CPU
		{2FDB6527-A7E4-40A4-ABF8-93C5AB566804}.AppStore|x86.ActiveCfg = Release|Any CPU
		{2FDB6527-A7E4-40A4-ABF8-93C5AB566804}.AppStore|x86.Build.0 = Release|Any CPU
		{2FDB6527-A7E4-40A4-ABF8-93C5AB566804}.Debug|Any CPU.ActiveCfg = Debug|Any CPU
		{2FDB6527-A7E4-40A4-ABF8-93C5AB566804}.Debug|Any CPU.Build.0 = Debug|Any CPU
		{2FDB6527-A7E4-40A4-ABF8-93C5AB566804}.Debug|ARM.ActiveCfg = Debug|Any CPU
		{2FDB6527-A7E4-40A4-ABF8-93C5AB566804}.Debug|ARM.Build.0 = Debug|Any CPU
		{2FDB6527-A7E4-40A4-ABF8-93C5AB566804}.Debug|iPhone.ActiveCfg = Debug|Any CPU
		{2FDB6527-A7E4-40A4-ABF8-93C5AB566804}.Debug|iPhone.Build.0 = Debug|Any CPU
		{2FDB6527-A7E4-40A4-ABF8-93C5AB566804}.Debug|iPhoneSimulator.ActiveCfg = Debug|Any CPU
		{2FDB6527-A7E4-40A4-ABF8-93C5AB566804}.Debug|iPhoneSimulator.Build.0 = Debug|Any CPU
		{2FDB6527-A7E4-40A4-ABF8-93C5AB566804}.Debug|x64.ActiveCfg = Debug|Any CPU
		{2FDB6527-A7E4-40A4-ABF8-93C5AB566804}.Debug|x64.Build.0 = Debug|Any CPU
		{2FDB6527-A7E4-40A4-ABF8-93C5AB566804}.Debug|x86.ActiveCfg = Debug|Any CPU
		{2FDB6527-A7E4-40A4-ABF8-93C5AB566804}.Debug|x86.Build.0 = Debug|Any CPU
		{2FDB6527-A7E4-40A4-ABF8-93C5AB566804}.Release|Any CPU.ActiveCfg = Release|Any CPU
		{2FDB6527-A7E4-40A4-ABF8-93C5AB566804}.Release|Any CPU.Build.0 = Release|Any CPU
		{2FDB6527-A7E4-40A4-ABF8-93C5AB566804}.Release|ARM.ActiveCfg = Release|Any CPU
		{2FDB6527-A7E4-40A4-ABF8-93C5AB566804}.Release|ARM.Build.0 = Release|Any CPU
		{2FDB6527-A7E4-40A4-ABF8-93C5AB566804}.Release|iPhone.ActiveCfg = Release|Any CPU
		{2FDB6527-A7E4-40A4-ABF8-93C5AB566804}.Release|iPhone.Build.0 = Release|Any CPU
		{2FDB6527-A7E4-40A4-ABF8-93C5AB566804}.Release|iPhoneSimulator.ActiveCfg = Release|Any CPU
		{2FDB6527-A7E4-40A4-ABF8-93C5AB566804}.Release|iPhoneSimulator.Build.0 = Release|Any CPU
		{2FDB6527-A7E4-40A4-ABF8-93C5AB566804}.Release|x64.ActiveCfg = Release|Any CPU
		{2FDB6527-A7E4-40A4-ABF8-93C5AB566804}.Release|x64.Build.0 = Release|Any CPU
		{2FDB6527-A7E4-40A4-ABF8-93C5AB566804}.Release|x86.ActiveCfg = Release|Any CPU
		{2FDB6527-A7E4-40A4-ABF8-93C5AB566804}.Release|x86.Build.0 = Release|Any CPU
	EndGlobalSection
	GlobalSection(SolutionProperties) = preSolution
		HideSolutionNode = FALSE
	EndGlobalSection
EndGlobal
